
Microsoft Visual Studio Solution File, Format Version 12.00
# Visual Studio Version 17
VisualStudioVersion = 17.0.31903.59
MinimumVisualStudioVersion = 10.0.40219.1
Project("{2150E333-8FDC-42A3-9474-1A3956D46DE8}") = "src", "src", "{827E0CD3-B72D-47B6-A68D-7590B98EB39B}"
EndProject
Project("{FAE04EC0-301F-11D3-BF4B-00C04F79EFBC}") = "Charisma.Schema", "src\Charisma.Schema\Charisma.Schema.csproj", "{489C41F7-DB27-49C6-A3B6-28A46CB0F065}"
EndProject
Project("{FAE04EC0-301F-11D3-BF4B-00C04F79EFBC}") = "Charisma.Parser", "src\Charisma.Parser\Charisma.Parser.csproj", "{B19A50B0-C3E7-4396-A2F6-EA692A7EE3CF}"
EndProject
Project("{FAE04EC0-301F-11D3-BF4B-00C04F79EFBC}") = "Charisma.Generator", "src\Charisma.Generator\Charisma.Generator.csproj", "{431BEB91-7A02-44C1-B2BE-B708DB030348}"
EndProject
Project("{FAE04EC0-301F-11D3-BF4B-00C04F79EFBC}") = "Charisma.Client", "src\Charisma.Client\Charisma.Client.csproj", "{E6C207C8-FBDD-468F-B575-ABF0C4AC89FE}"
EndProject
Project("{FAE04EC0-301F-11D3-BF4B-00C04F79EFBC}") = "Charisma.Runtime", "src\Charisma.Runtime\Charisma.Runtime.csproj", "{74A59246-DE54-477D-8842-C2FBF248C5B0}"
EndProject
Project("{2150E333-8FDC-42A3-9474-1A3956D46DE8}") = "tests", "tests", "{0AB3BF05-4346-4AA6-1389-037BE0695223}"
EndProject
Project("{FAE04EC0-301F-11D3-BF4B-00C04F79EFBC}") = "Charisma.Schema.Tests", "tests\Charisma.Schema.Tests\Charisma.Schema.Tests.csproj", "{ACCBB993-EBD3-4CC6-971C-18D64B512B0F}"
EndProject
Project("{FAE04EC0-301F-11D3-BF4B-00C04F79EFBC}") = "Charisma.Parser.Tests", "tests\Charisma.Parser.Tests\Charisma.Parser.Tests.csproj", "{E081DA1B-4D2E-4160-9C31-6DE9B5131EF4}"
EndProject
Project("{FAE04EC0-301F-11D3-BF4B-00C04F79EFBC}") = "Charisma.Generator.Tests", "tests\Charisma.Generator.Tests\Charisma.Generator.Tests.csproj", "{60C30BE0-760B-4CA9-83F1-78697C6E4482}"
EndProject
Project("{FAE04EC0-301F-11D3-BF4B-00C04F79EFBC}") = "Charisma.QueryEngine.Tests", "tests\Charisma.QueryEngine.Tests\Charisma.QueryEngine.Tests.csproj", "{8A377B1F-74F3-4CA9-9AB3-DAA6F8321C3E}"
EndProject
Project("{FAE04EC0-301F-11D3-BF4B-00C04F79EFBC}") = "Charisma.QueryEngine", "src\Charisma.QueryEngine\Charisma.QueryEngine.csproj", "{EC6B57EE-4227-429B-9BD8-C8C0D05F2B93}"
EndProject
Project("{FAE04EC0-301F-11D3-BF4B-00C04F79EFBC}") = "Charisma.Migration", "src\Charisma.Migration\Charisma.Migration.csproj", "{43DCD067-4FF8-427D-8EE0-39616E7A5B7E}"
EndProject
Project("{FAE04EC0-301F-11D3-BF4B-00C04F79EFBC}") = "Charisma.All", "src\Charisma.All\Charisma.All.csproj", "{4906E6FA-A6E6-4885-A45C-64501A765007}"
EndProject
Project("{FAE04EC0-301F-11D3-BF4B-00C04F79EFBC}") = "Charisma.Migration.Tests", "tests\Charisma.Migration.Tests\Charisma.Migration.Tests.csproj", "{820B46D2-CC4C-4DD3-B092-DEBD3AA74C84}"
EndProject
Global
	GlobalSection(SolutionConfigurationPlatforms) = preSolution
		Debug|Any CPU = Debug|Any CPU
		Debug|x64 = Debug|x64
		Debug|x86 = Debug|x86
		Release|Any CPU = Release|Any CPU
		Release|x64 = Release|x64
		Release|x86 = Release|x86
	EndGlobalSection
	GlobalSection(ProjectConfigurationPlatforms) = postSolution
		{489C41F7-DB27-49C6-A3B6-28A46CB0F065}.Debug|Any CPU.ActiveCfg = Debug|Any CPU
		{489C41F7-DB27-49C6-A3B6-28A46CB0F065}.Debug|Any CPU.Build.0 = Debug|Any CPU
		{489C41F7-DB27-49C6-A3B6-28A46CB0F065}.Debug|x64.ActiveCfg = Debug|Any CPU
		{489C41F7-DB27-49C6-A3B6-28A46CB0F065}.Debug|x64.Build.0 = Debug|Any CPU
		{489C41F7-DB27-49C6-A3B6-28A46CB0F065}.Debug|x86.ActiveCfg = Debug|Any CPU
		{489C41F7-DB27-49C6-A3B6-28A46CB0F065}.Debug|x86.Build.0 = Debug|Any CPU
		{489C41F7-DB27-49C6-A3B6-28A46CB0F065}.Release|Any CPU.ActiveCfg = Release|Any CPU
		{489C41F7-DB27-49C6-A3B6-28A46CB0F065}.Release|Any CPU.Build.0 = Release|Any CPU
		{489C41F7-DB27-49C6-A3B6-28A46CB0F065}.Release|x64.ActiveCfg = Release|Any CPU
		{489C41F7-DB27-49C6-A3B6-28A46CB0F065}.Release|x64.Build.0 = Release|Any CPU
		{489C41F7-DB27-49C6-A3B6-28A46CB0F065}.Release|x86.ActiveCfg = Release|Any CPU
		{489C41F7-DB27-49C6-A3B6-28A46CB0F065}.Release|x86.Build.0 = Release|Any CPU
		{B19A50B0-C3E7-4396-A2F6-EA692A7EE3CF}.Debug|Any CPU.ActiveCfg = Debug|Any CPU
		{B19A50B0-C3E7-4396-A2F6-EA692A7EE3CF}.Debug|Any CPU.Build.0 = Debug|Any CPU
		{B19A50B0-C3E7-4396-A2F6-EA692A7EE3CF}.Debug|x64.ActiveCfg = Debug|Any CPU
		{B19A50B0-C3E7-4396-A2F6-EA692A7EE3CF}.Debug|x64.Build.0 = Debug|Any CPU
		{B19A50B0-C3E7-4396-A2F6-EA692A7EE3CF}.Debug|x86.ActiveCfg = Debug|Any CPU
		{B19A50B0-C3E7-4396-A2F6-EA692A7EE3CF}.Debug|x86.Build.0 = Debug|Any CPU
		{B19A50B0-C3E7-4396-A2F6-EA692A7EE3CF}.Release|Any CPU.ActiveCfg = Release|Any CPU
		{B19A50B0-C3E7-4396-A2F6-EA692A7EE3CF}.Release|Any CPU.Build.0 = Release|Any CPU
		{B19A50B0-C3E7-4396-A2F6-EA692A7EE3CF}.Release|x64.ActiveCfg = Release|Any CPU
		{B19A50B0-C3E7-4396-A2F6-EA692A7EE3CF}.Release|x64.Build.0 = Release|Any CPU
		{B19A50B0-C3E7-4396-A2F6-EA692A7EE3CF}.Release|x86.ActiveCfg = Release|Any CPU
		{B19A50B0-C3E7-4396-A2F6-EA692A7EE3CF}.Release|x86.Build.0 = Release|Any CPU
		{431BEB91-7A02-44C1-B2BE-B708DB030348}.Debug|Any CPU.ActiveCfg = Debug|Any CPU
		{431BEB91-7A02-44C1-B2BE-B708DB030348}.Debug|Any CPU.Build.0 = Debug|Any CPU
		{431BEB91-7A02-44C1-B2BE-B708DB030348}.Debug|x64.ActiveCfg = Debug|Any CPU
		{431BEB91-7A02-44C1-B2BE-B708DB030348}.Debug|x64.Build.0 = Debug|Any CPU
		{431BEB91-7A02-44C1-B2BE-B708DB030348}.Debug|x86.ActiveCfg = Debug|Any CPU
		{431BEB91-7A02-44C1-B2BE-B708DB030348}.Debug|x86.Build.0 = Debug|Any CPU
		{431BEB91-7A02-44C1-B2BE-B708DB030348}.Release|Any CPU.ActiveCfg = Release|Any CPU
		{431BEB91-7A02-44C1-B2BE-B708DB030348}.Release|Any CPU.Build.0 = Release|Any CPU
		{431BEB91-7A02-44C1-B2BE-B708DB030348}.Release|x64.ActiveCfg = Release|Any CPU
		{431BEB91-7A02-44C1-B2BE-B708DB030348}.Release|x64.Build.0 = Release|Any CPU
		{431BEB91-7A02-44C1-B2BE-B708DB030348}.Release|x86.ActiveCfg = Release|Any CPU
		{431BEB91-7A02-44C1-B2BE-B708DB030348}.Release|x86.Build.0 = Release|Any CPU
		{E6C207C8-FBDD-468F-B575-ABF0C4AC89FE}.Debug|Any CPU.ActiveCfg = Debug|Any CPU
		{E6C207C8-FBDD-468F-B575-ABF0C4AC89FE}.Debug|Any CPU.Build.0 = Debug|Any CPU
		{E6C207C8-FBDD-468F-B575-ABF0C4AC89FE}.Debug|x64.ActiveCfg = Debug|Any CPU
		{E6C207C8-FBDD-468F-B575-ABF0C4AC89FE}.Debug|x64.Build.0 = Debug|Any CPU
		{E6C207C8-FBDD-468F-B575-ABF0C4AC89FE}.Debug|x86.ActiveCfg = Debug|Any CPU
		{E6C207C8-FBDD-468F-B575-ABF0C4AC89FE}.Debug|x86.Build.0 = Debug|Any CPU
		{E6C207C8-FBDD-468F-B575-ABF0C4AC89FE}.Release|Any CPU.ActiveCfg = Release|Any CPU
		{E6C207C8-FBDD-468F-B575-ABF0C4AC89FE}.Release|Any CPU.Build.0 = Release|Any CPU
		{E6C207C8-FBDD-468F-B575-ABF0C4AC89FE}.Release|x64.ActiveCfg = Release|Any CPU
		{E6C207C8-FBDD-468F-B575-ABF0C4AC89FE}.Release|x64.Build.0 = Release|Any CPU
		{E6C207C8-FBDD-468F-B575-ABF0C4AC89FE}.Release|x86.ActiveCfg = Release|Any CPU
		{E6C207C8-FBDD-468F-B575-ABF0C4AC89FE}.Release|x86.Build.0 = Release|Any CPU
		{74A59246-DE54-477D-8842-C2FBF248C5B0}.Debug|Any CPU.ActiveCfg = Debug|Any CPU
		{74A59246-DE54-477D-8842-C2FBF248C5B0}.Debug|Any CPU.Build.0 = Debug|Any CPU
		{74A59246-DE54-477D-8842-C2FBF248C5B0}.Debug|x64.ActiveCfg = Debug|Any CPU
		{74A59246-DE54-477D-8842-C2FBF248C5B0}.Debug|x64.Build.0 = Debug|Any CPU
		{74A59246-DE54-477D-8842-C2FBF248C5B0}.Debug|x86.ActiveCfg = Debug|Any CPU
		{74A59246-DE54-477D-8842-C2FBF248C5B0}.Debug|x86.Build.0 = Debug|Any CPU
		{74A59246-DE54-477D-8842-C2FBF248C5B0}.Release|Any CPU.ActiveCfg = Release|Any CPU
		{74A59246-DE54-477D-8842-C2FBF248C5B0}.Release|Any CPU.Build.0 = Release|Any CPU
		{74A59246-DE54-477D-8842-C2FBF248C5B0}.Release|x64.ActiveCfg = Release|Any CPU
		{74A59246-DE54-477D-8842-C2FBF248C5B0}.Release|x64.Build.0 = Release|Any CPU
		{74A59246-DE54-477D-8842-C2FBF248C5B0}.Release|x86.ActiveCfg = Release|Any CPU
		{74A59246-DE54-477D-8842-C2FBF248C5B0}.Release|x86.Build.0 = Release|Any CPU
		{ACCBB993-EBD3-4CC6-971C-18D64B512B0F}.Debug|Any CPU.ActiveCfg = Debug|Any CPU
		{ACCBB993-EBD3-4CC6-971C-18D64B512B0F}.Debug|Any CPU.Build.0 = Debug|Any CPU
		{ACCBB993-EBD3-4CC6-971C-18D64B512B0F}.Debug|x64.ActiveCfg = Debug|Any CPU
		{ACCBB993-EBD3-4CC6-971C-18D64B512B0F}.Debug|x64.Build.0 = Debug|Any CPU
		{ACCBB993-EBD3-4CC6-971C-18D64B512B0F}.Debug|x86.ActiveCfg = Debug|Any CPU
		{ACCBB993-EBD3-4CC6-971C-18D64B512B0F}.Debug|x86.Build.0 = Debug|Any CPU
		{ACCBB993-EBD3-4CC6-971C-18D64B512B0F}.Release|Any CPU.ActiveCfg = Release|Any CPU
		{ACCBB993-EBD3-4CC6-971C-18D64B512B0F}.Release|Any CPU.Build.0 = Release|Any CPU
		{ACCBB993-EBD3-4CC6-971C-18D64B512B0F}.Release|x64.ActiveCfg = Release|Any CPU
		{ACCBB993-EBD3-4CC6-971C-18D64B512B0F}.Release|x64.Build.0 = Release|Any CPU
		{ACCBB993-EBD3-4CC6-971C-18D64B512B0F}.Release|x86.ActiveCfg = Release|Any CPU
		{ACCBB993-EBD3-4CC6-971C-18D64B512B0F}.Release|x86.Build.0 = Release|Any CPU
		{E081DA1B-4D2E-4160-9C31-6DE9B5131EF4}.Debug|Any CPU.ActiveCfg = Debug|Any CPU
		{E081DA1B-4D2E-4160-9C31-6DE9B5131EF4}.Debug|Any CPU.Build.0 = Debug|Any CPU
		{E081DA1B-4D2E-4160-9C31-6DE9B5131EF4}.Debug|x64.ActiveCfg = Debug|Any CPU
		{E081DA1B-4D2E-4160-9C31-6DE9B5131EF4}.Debug|x64.Build.0 = Debug|Any CPU
		{E081DA1B-4D2E-4160-9C31-6DE9B5131EF4}.Debug|x86.ActiveCfg = Debug|Any CPU
		{E081DA1B-4D2E-4160-9C31-6DE9B5131EF4}.Debug|x86.Build.0 = Debug|Any CPU
		{E081DA1B-4D2E-4160-9C31-6DE9B5131EF4}.Release|Any CPU.ActiveCfg = Release|Any CPU
		{E081DA1B-4D2E-4160-9C31-6DE9B5131EF4}.Release|Any CPU.Build.0 = Release|Any CPU
		{E081DA1B-4D2E-4160-9C31-6DE9B5131EF4}.Release|x64.ActiveCfg = Release|Any CPU
		{E081DA1B-4D2E-4160-9C31-6DE9B5131EF4}.Release|x64.Build.0 = Release|Any CPU
		{E081DA1B-4D2E-4160-9C31-6DE9B5131EF4}.Release|x86.ActiveCfg = Release|Any CPU
		{E081DA1B-4D2E-4160-9C31-6DE9B5131EF4}.Release|x86.Build.0 = Release|Any CPU
		{60C30BE0-760B-4CA9-83F1-78697C6E4482}.Debug|Any CPU.ActiveCfg = Debug|Any CPU
		{60C30BE0-760B-4CA9-83F1-78697C6E4482}.Debug|Any CPU.Build.0 = Debug|Any CPU
		{60C30BE0-760B-4CA9-83F1-78697C6E4482}.Debug|x64.ActiveCfg = Debug|Any CPU
		{60C30BE0-760B-4CA9-83F1-78697C6E4482}.Debug|x64.Build.0 = Debug|Any CPU
		{60C30BE0-760B-4CA9-83F1-78697C6E4482}.Debug|x86.ActiveCfg = Debug|Any CPU
		{60C30BE0-760B-4CA9-83F1-78697C6E4482}.Debug|x86.Build.0 = Debug|Any CPU
		{60C30BE0-760B-4CA9-83F1-78697C6E4482}.Release|Any CPU.ActiveCfg = Release|Any CPU
		{60C30BE0-760B-4CA9-83F1-78697C6E4482}.Release|Any CPU.Build.0 = Release|Any CPU
		{60C30BE0-760B-4CA9-83F1-78697C6E4482}.Release|x64.ActiveCfg = Release|Any CPU
		{60C30BE0-760B-4CA9-83F1-78697C6E4482}.Release|x64.Build.0 = Release|Any CPU
		{60C30BE0-760B-4CA9-83F1-78697C6E4482}.Release|x86.ActiveCfg = Release|Any CPU
		{60C30BE0-760B-4CA9-83F1-78697C6E4482}.Release|x86.Build.0 = Release|Any CPU
		{8A377B1F-74F3-4CA9-9AB3-DAA6F8321C3E}.Debug|Any CPU.ActiveCfg = Debug|Any CPU
		{8A377B1F-74F3-4CA9-9AB3-DAA6F8321C3E}.Debug|Any CPU.Build.0 = Debug|Any CPU
		{8A377B1F-74F3-4CA9-9AB3-DAA6F8321C3E}.Debug|x64.ActiveCfg = Debug|Any CPU
		{8A377B1F-74F3-4CA9-9AB3-DAA6F8321C3E}.Debug|x64.Build.0 = Debug|Any CPU
		{8A377B1F-74F3-4CA9-9AB3-DAA6F8321C3E}.Debug|x86.ActiveCfg = Debug|Any CPU
		{8A377B1F-74F3-4CA9-9AB3-DAA6F8321C3E}.Debug|x86.Build.0 = Debug|Any CPU
		{8A377B1F-74F3-4CA9-9AB3-DAA6F8321C3E}.Release|Any CPU.ActiveCfg = Release|Any CPU
		{8A377B1F-74F3-4CA9-9AB3-DAA6F8321C3E}.Release|Any CPU.Build.0 = Release|Any CPU
		{8A377B1F-74F3-4CA9-9AB3-DAA6F8321C3E}.Release|x64.ActiveCfg = Release|Any CPU
		{8A377B1F-74F3-4CA9-9AB3-DAA6F8321C3E}.Release|x64.Build.0 = Release|Any CPU
		{8A377B1F-74F3-4CA9-9AB3-DAA6F8321C3E}.Release|x86.ActiveCfg = Release|Any CPU
		{8A377B1F-74F3-4CA9-9AB3-DAA6F8321C3E}.Release|x86.Build.0 = Release|Any CPU
		{EC6B57EE-4227-429B-9BD8-C8C0D05F2B93}.Debug|Any CPU.ActiveCfg = Debug|Any CPU
		{EC6B57EE-4227-429B-9BD8-C8C0D05F2B93}.Debug|Any CPU.Build.0 = Debug|Any CPU
		{EC6B57EE-4227-429B-9BD8-C8C0D05F2B93}.Debug|x64.ActiveCfg = Debug|Any CPU
		{EC6B57EE-4227-429B-9BD8-C8C0D05F2B93}.Debug|x64.Build.0 = Debug|Any CPU
		{EC6B57EE-4227-429B-9BD8-C8C0D05F2B93}.Debug|x86.ActiveCfg = Debug|Any CPU
		{EC6B57EE-4227-429B-9BD8-C8C0D05F2B93}.Debug|x86.Build.0 = Debug|Any CPU
		{EC6B57EE-4227-429B-9BD8-C8C0D05F2B93}.Release|Any CPU.ActiveCfg = Release|Any CPU
		{EC6B57EE-4227-429B-9BD8-C8C0D05F2B93}.Release|Any CPU.Build.0 = Release|Any CPU
		{EC6B57EE-4227-429B-9BD8-C8C0D05F2B93}.Release|x64.ActiveCfg = Release|Any CPU
		{EC6B57EE-4227-429B-9BD8-C8C0D05F2B93}.Release|x64.Build.0 = Release|Any CPU
		{EC6B57EE-4227-429B-9BD8-C8C0D05F2B93}.Release|x86.ActiveCfg = Release|Any CPU
		{EC6B57EE-4227-429B-9BD8-C8C0D05F2B93}.Release|x86.Build.0 = Release|Any CPU
		{43DCD067-4FF8-427D-8EE0-39616E7A5B7E}.Debug|Any CPU.ActiveCfg = Debug|Any CPU
		{43DCD067-4FF8-427D-8EE0-39616E7A5B7E}.Debug|Any CPU.Build.0 = Debug|Any CPU
		{43DCD067-4FF8-427D-8EE0-39616E7A5B7E}.Debug|x64.ActiveCfg = Debug|Any CPU
		{43DCD067-4FF8-427D-8EE0-39616E7A5B7E}.Debug|x64.Build.0 = Debug|Any CPU
		{43DCD067-4FF8-427D-8EE0-39616E7A5B7E}.Debug|x86.ActiveCfg = Debug|Any CPU
		{43DCD067-4FF8-427D-8EE0-39616E7A5B7E}.Debug|x86.Build.0 = Debug|Any CPU
		{43DCD067-4FF8-427D-8EE0-39616E7A5B7E}.Release|Any CPU.ActiveCfg = Release|Any CPU
		{43DCD067-4FF8-427D-8EE0-39616E7A5B7E}.Release|Any CPU.Build.0 = Release|Any CPU
		{43DCD067-4FF8-427D-8EE0-39616E7A5B7E}.Release|x64.ActiveCfg = Release|Any CPU
		{43DCD067-4FF8-427D-8EE0-39616E7A5B7E}.Release|x64.Build.0 = Release|Any CPU
		{43DCD067-4FF8-427D-8EE0-39616E7A5B7E}.Release|x86.ActiveCfg = Release|Any CPU
		{43DCD067-4FF8-427D-8EE0-39616E7A5B7E}.Release|x86.Build.0 = Release|Any CPU
		{4906E6FA-A6E6-4885-A45C-64501A765007}.Debug|Any CPU.ActiveCfg = Debug|Any CPU
		{4906E6FA-A6E6-4885-A45C-64501A765007}.Debug|Any CPU.Build.0 = Debug|Any CPU
		{4906E6FA-A6E6-4885-A45C-64501A765007}.Debug|x64.ActiveCfg = Debug|Any CPU
		{4906E6FA-A6E6-4885-A45C-64501A765007}.Debug|x64.Build.0 = Debug|Any CPU
		{4906E6FA-A6E6-4885-A45C-64501A765007}.Debug|x86.ActiveCfg = Debug|Any CPU
		{4906E6FA-A6E6-4885-A45C-64501A765007}.Debug|x86.Build.0 = Debug|Any CPU
		{4906E6FA-A6E6-4885-A45C-64501A765007}.Release|Any CPU.ActiveCfg = Release|Any CPU
		{4906E6FA-A6E6-4885-A45C-64501A765007}.Release|Any CPU.Build.0 = Release|Any CPU
		{4906E6FA-A6E6-4885-A45C-64501A765007}.Release|x64.ActiveCfg = Release|Any CPU
		{4906E6FA-A6E6-4885-A45C-64501A765007}.Release|x64.Build.0 = Release|Any CPU
		{4906E6FA-A6E6-4885-A45C-64501A765007}.Release|x86.ActiveCfg = Release|Any CPU
		{4906E6FA-A6E6-4885-A45C-64501A765007}.Release|x86.Build.0 = Release|Any CPU
		{820B46D2-CC4C-4DD3-B092-DEBD3AA74C84}.Debug|Any CPU.ActiveCfg = Debug|Any CPU
		{820B46D2-CC4C-4DD3-B092-DEBD3AA74C84}.Debug|Any CPU.Build.0 = Debug|Any CPU
		{820B46D2-CC4C-4DD3-B092-DEBD3AA74C84}.Debug|x64.ActiveCfg = Debug|Any CPU
		{820B46D2-CC4C-4DD3-B092-DEBD3AA74C84}.Debug|x64.Build.0 = Debug|Any CPU
		{820B46D2-CC4C-4DD3-B092-DEBD3AA74C84}.Debug|x86.ActiveCfg = Debug|Any CPU
		{820B46D2-CC4C-4DD3-B092-DEBD3AA74C84}.Debug|x86.Build.0 = Debug|Any CPU
		{820B46D2-CC4C-4DD3-B092-DEBD3AA74C84}.Release|Any CPU.ActiveCfg = Release|Any CPU
		{820B46D2-CC4C-4DD3-B092-DEBD3AA74C84}.Release|Any CPU.Build.0 = Release|Any CPU
		{820B46D2-CC4C-4DD3-B092-DEBD3AA74C84}.Release|x64.ActiveCfg = Release|Any CPU
		{820B46D2-CC4C-4DD3-B092-DEBD3AA74C84}.Release|x64.Build.0 = Release|Any CPU
		{820B46D2-CC4C-4DD3-B092-DEBD3AA74C84}.Release|x86.ActiveCfg = Release|Any CPU
		{820B46D2-CC4C-4DD3-B092-DEBD3AA74C84}.Release|x86.Build.0 = Release|Any CPU
	EndGlobalSection
	GlobalSection(SolutionProperties) = preSolution
		HideSolutionNode = FALSE
	EndGlobalSection
	GlobalSection(NestedProjects) = preSolution
		{489C41F7-DB27-49C6-A3B6-28A46CB0F065} = {827E0CD3-B72D-47B6-A68D-7590B98EB39B}
		{B19A50B0-C3E7-4396-A2F6-EA692A7EE3CF} = {827E0CD3-B72D-47B6-A68D-7590B98EB39B}
		{431BEB91-7A02-44C1-B2BE-B708DB030348} = {827E0CD3-B72D-47B6-A68D-7590B98EB39B}
		{E6C207C8-FBDD-468F-B575-ABF0C4AC89FE} = {827E0CD3-B72D-47B6-A68D-7590B98EB39B}
		{74A59246-DE54-477D-8842-C2FBF248C5B0} = {827E0CD3-B72D-47B6-A68D-7590B98EB39B}
		{ACCBB993-EBD3-4CC6-971C-18D64B512B0F} = {0AB3BF05-4346-4AA6-1389-037BE0695223}
		{E081DA1B-4D2E-4160-9C31-6DE9B5131EF4} = {0AB3BF05-4346-4AA6-1389-037BE0695223}
		{60C30BE0-760B-4CA9-83F1-78697C6E4482} = {0AB3BF05-4346-4AA6-1389-037BE0695223}
		{EC6B57EE-4227-429B-9BD8-C8C0D05F2B93} = {827E0CD3-B72D-47B6-A68D-7590B98EB39B}
		{43DCD067-4FF8-427D-8EE0-39616E7A5B7E} = {827E0CD3-B72D-47B6-A68D-7590B98EB39B}
		{4906E6FA-A6E6-4885-A45C-64501A765007} = {827E0CD3-B72D-47B6-A68D-7590B98EB39B}
		{820B46D2-CC4C-4DD3-B092-DEBD3AA74C84} = {0AB3BF05-4346-4AA6-1389-037BE0695223}
	EndGlobalSection
EndGlobal
